# This file is automatically @generated by Cargo.
# It is not intended for manual editing.
version = 4

[[package]]
name = "dyn-clone"
version = "1.0.18"
source = "registry+https://github.com/rust-lang/crates.io-index"
checksum = "feeef44e73baff3a26d371801df019877a9866a8c493d315ab00177843314f35"

[[package]]
name = "traccia"
version = "0.1.0"
dependencies = [
 "dyn-clone",
]
